
Microsoft Visual Studio Solution File, Format Version 12.00
# Visual Studio Version 17
VisualStudioVersion = 17.3.32819.101
MinimumVisualStudioVersion = 10.0.40219.1
Project("{FAE04EC0-301F-11D3-BF4B-00C04F79EFBC}") = "ProjectNetCore", "ProjectNetCore.csproj", "{CAB0562B-703A-4F4F-BD4A-F7FC8AF57E30}"
EndProject
Project("{FAE04EC0-301F-11D3-BF4B-00C04F79EFBC}") = "Domain", "..\Domain\Domain.csproj", "{5C50D497-9D60-4BC7-B0C4-05D4B26B7EF9}"
EndProject
Project("{FAE04EC0-301F-11D3-BF4B-00C04F79EFBC}") = "Persistence", "..\Persistency\Persistence.csproj", "{85F216A1-B0EA-4C21-B533-72099E93924E}"
EndProject
Project("{FAE04EC0-301F-11D3-BF4B-00C04F79EFBC}") = "Application", "..\Application\Application.csproj", "{0C48E075-B402-4D67-BF0F-F839CF4D3A3D}"
EndProject
Global
	GlobalSection(SolutionConfigurationPlatforms) = preSolution
		Debug|Any CPU = Debug|Any CPU
		Release|Any CPU = Release|Any CPU
	EndGlobalSection
	GlobalSection(ProjectConfigurationPlatforms) = postSolution
		{CAB0562B-703A-4F4F-BD4A-F7FC8AF57E30}.Debug|Any CPU.ActiveCfg = Debug|Any CPU
		{CAB0562B-703A-4F4F-BD4A-F7FC8AF57E30}.Debug|Any CPU.Build.0 = Debug|Any CPU
		{CAB0562B-703A-4F4F-BD4A-F7FC8AF57E30}.Release|Any CPU.ActiveCfg = Release|Any CPU
		{CAB0562B-703A-4F4F-BD4A-F7FC8AF57E30}.Release|Any CPU.Build.0 = Release|Any CPU
		{5C50D497-9D60-4BC7-B0C4-05D4B26B7EF9}.Debug|Any CPU.ActiveCfg = Debug|Any CPU
		{5C50D497-9D60-4BC7-B0C4-05D4B26B7EF9}.Debug|Any CPU.Build.0 = Debug|Any CPU
		{5C50D497-9D60-4BC7-B0C4-05D4B26B7EF9}.Release|Any CPU.ActiveCfg = Release|Any CPU
		{5C50D497-9D60-4BC7-B0C4-05D4B26B7EF9}.Release|Any CPU.Build.0 = Release|Any CPU
		{85F216A1-B0EA-4C21-B533-72099E93924E}.Debug|Any CPU.ActiveCfg = Debug|Any CPU
		{85F216A1-B0EA-4C21-B533-72099E93924E}.Debug|Any CPU.Build.0 = Debug|Any CPU
		{85F216A1-B0EA-4C21-B533-72099E93924E}.Release|Any CPU.ActiveCfg = Release|Any CPU
		{85F216A1-B0EA-4C21-B533-72099E93924E}.Release|Any CPU.Build.0 = Release|Any CPU
		{0C48E075-B402-4D67-BF0F-F839CF4D3A3D}.Debug|Any CPU.ActiveCfg = Debug|Any CPU
		{0C48E075-B402-4D67-BF0F-F839CF4D3A3D}.Debug|Any CPU.Build.0 = Debug|Any CPU
		{0C48E075-B402-4D67-BF0F-F839CF4D3A3D}.Release|Any CPU.ActiveCfg = Release|Any CPU
		{0C48E075-B402-4D67-BF0F-F839CF4D3A3D}.Release|Any CPU.Build.0 = Release|Any CPU
	EndGlobalSection
	GlobalSection(SolutionProperties) = preSolution
		HideSolutionNode = FALSE
	EndGlobalSection
	GlobalSection(ExtensibilityGlobals) = postSolution
		SolutionGuid = {99366236-504C-4F75-B174-33DC8E327804}
	EndGlobalSection
EndGlobal
